
Microsoft Visual Studio Solution File, Format Version 12.00
# Visual Studio Version 17
VisualStudioVersion = 17.8.34330.188
MinimumVisualStudioVersion = 10.0.40219.1
Project("{FAE04EC0-301F-11D3-BF4B-00C04F79EFBC}") = "SathishShop", "SathishShop.csproj", "{BC8998E8-11C9-4041-BF5F-8C240F84D94D}"
EndProject
Global
	GlobalSection(SolutionConfigurationPlatforms) = preSolution
		Debug|Any CPU = Debug|Any CPU
		Release|Any CPU = Release|Any CPU
	EndGlobalSection
	GlobalSection(ProjectConfigurationPlatforms) = postSolution
		{BC8998E8-11C9-4041-BF5F-8C240F84D94D}.Debug|Any CPU.ActiveCfg = Debug|Any CPU
		{BC8998E8-11C9-4041-BF5F-8C240F84D94D}.Debug|Any CPU.Build.0 = Debug|Any CPU
		{BC8998E8-11C9-4041-BF5F-8C240F84D94D}.Release|Any CPU.ActiveCfg = Release|Any CPU
		{BC8998E8-11C9-4041-BF5F-8C240F84D94D}.Release|Any CPU.Build.0 = Release|Any CPU
	EndGlobalSection
	GlobalSection(SolutionProperties) = preSolution
		HideSolutionNode = FALSE
	EndGlobalSection
	GlobalSection(ExtensibilityGlobals) = postSolution
		SolutionGuid = {8B4DDFB4-05BD-441C-9563-0E6397587E22}
	EndGlobalSection
EndGlobal
